
Microsoft Visual Studio Solution File, Format Version 12.00
Project("{FAE04EC0-301F-11D3-BF4B-00C04F79EFBC}") = "briefCore", "briefCore\briefCore.csproj", "{67EACEA4-E98C-414B-B25A-86F63938C3D2}"
EndProject
Project("{FAE04EC0-301F-11D3-BF4B-00C04F79EFBC}") = "briefCore.Controllers", "briefCore.Controllers\briefCore.Controllers.csproj", "{ED53EE3B-9CF8-4FAD-B431-05DFB9C77559}"
EndProject
Project("{FAE04EC0-301F-11D3-BF4B-00C04F79EFBC}") = "briefCore.Library", "briefCore.Library\briefCore.Library.csproj", "{719B2A0B-DE21-412E-80C6-F880ED05964F}"
EndProject
Project("{FAE04EC0-301F-11D3-BF4B-00C04F79EFBC}") = "briefCore.Data", "briefCore.Data\briefCore.Data.csproj", "{96AB691F-C317-4557-8A3E-7B0FA5B98323}"
EndProject
Project("{FAE04EC0-301F-11D3-BF4B-00C04F79EFBC}") = "briefCore.Tests", "briefCore.Tests\briefCore.Tests.csproj", "{B1BB0E41-6D1D-4183-BF07-929601B053C4}"
EndProject
Project("{FAE04EC0-301F-11D3-BF4B-00C04F79EFBC}") = "briefCore.Tests.Integration", "briefCore.Tests.Integration\briefCore.Tests.Integration.csproj", "{0E3F1A2D-2E42-440D-A8D2-DC35462A2442}"
EndProject
Project("{FAE04EC0-301F-11D3-BF4B-00C04F79EFBC}") = "briefCore.Tesseract", "briefCore.Tesseract\briefCore.Tesseract.csproj", "{602E08B2-22A9-440C-870C-C625121A1C00}"
EndProject
Project("{FAE04EC0-301F-11D3-BF4B-00C04F79EFBC}") = "briefCore.Migrations", "briefCore.Migrations\briefCore.Migrations.csproj", "{7511FFE5-5E44-4C95-B7DF-F14AA836DBF4}"
EndProject
Global
	GlobalSection(SolutionConfigurationPlatforms) = preSolution
		Debug|Any CPU = Debug|Any CPU
		Release|Any CPU = Release|Any CPU
	EndGlobalSection
	GlobalSection(ProjectConfigurationPlatforms) = postSolution
		{67EACEA4-E98C-414B-B25A-86F63938C3D2}.Debug|Any CPU.ActiveCfg = Debug|Any CPU
		{67EACEA4-E98C-414B-B25A-86F63938C3D2}.Debug|Any CPU.Build.0 = Debug|Any CPU
		{67EACEA4-E98C-414B-B25A-86F63938C3D2}.Release|Any CPU.ActiveCfg = Release|Any CPU
		{67EACEA4-E98C-414B-B25A-86F63938C3D2}.Release|Any CPU.Build.0 = Release|Any CPU
		{ED53EE3B-9CF8-4FAD-B431-05DFB9C77559}.Debug|Any CPU.ActiveCfg = Debug|Any CPU
		{ED53EE3B-9CF8-4FAD-B431-05DFB9C77559}.Debug|Any CPU.Build.0 = Debug|Any CPU
		{ED53EE3B-9CF8-4FAD-B431-05DFB9C77559}.Release|Any CPU.ActiveCfg = Release|Any CPU
		{ED53EE3B-9CF8-4FAD-B431-05DFB9C77559}.Release|Any CPU.Build.0 = Release|Any CPU
		{719B2A0B-DE21-412E-80C6-F880ED05964F}.Debug|Any CPU.ActiveCfg = Debug|Any CPU
		{719B2A0B-DE21-412E-80C6-F880ED05964F}.Debug|Any CPU.Build.0 = Debug|Any CPU
		{719B2A0B-DE21-412E-80C6-F880ED05964F}.Release|Any CPU.ActiveCfg = Release|Any CPU
		{719B2A0B-DE21-412E-80C6-F880ED05964F}.Release|Any CPU.Build.0 = Release|Any CPU
		{96AB691F-C317-4557-8A3E-7B0FA5B98323}.Debug|Any CPU.ActiveCfg = Debug|Any CPU
		{96AB691F-C317-4557-8A3E-7B0FA5B98323}.Debug|Any CPU.Build.0 = Debug|Any CPU
		{96AB691F-C317-4557-8A3E-7B0FA5B98323}.Release|Any CPU.ActiveCfg = Release|Any CPU
		{96AB691F-C317-4557-8A3E-7B0FA5B98323}.Release|Any CPU.Build.0 = Release|Any CPU
		{B1BB0E41-6D1D-4183-BF07-929601B053C4}.Debug|Any CPU.ActiveCfg = Debug|Any CPU
		{B1BB0E41-6D1D-4183-BF07-929601B053C4}.Debug|Any CPU.Build.0 = Debug|Any CPU
		{B1BB0E41-6D1D-4183-BF07-929601B053C4}.Release|Any CPU.ActiveCfg = Release|Any CPU
		{B1BB0E41-6D1D-4183-BF07-929601B053C4}.Release|Any CPU.Build.0 = Release|Any CPU
		{0E3F1A2D-2E42-440D-A8D2-DC35462A2442}.Debug|Any CPU.ActiveCfg = Debug|Any CPU
		{0E3F1A2D-2E42-440D-A8D2-DC35462A2442}.Debug|Any CPU.Build.0 = Debug|Any CPU
		{0E3F1A2D-2E42-440D-A8D2-DC35462A2442}.Release|Any CPU.ActiveCfg = Release|Any CPU
		{0E3F1A2D-2E42-440D-A8D2-DC35462A2442}.Release|Any CPU.Build.0 = Release|Any CPU
		{602E08B2-22A9-440C-870C-C625121A1C00}.Debug|Any CPU.ActiveCfg = Debug|Any CPU
		{602E08B2-22A9-440C-870C-C625121A1C00}.Debug|Any CPU.Build.0 = Debug|Any CPU
		{602E08B2-22A9-440C-870C-C625121A1C00}.Release|Any CPU.ActiveCfg = Release|Any CPU
		{602E08B2-22A9-440C-870C-C625121A1C00}.Release|Any CPU.Build.0 = Release|Any CPU
		{7511FFE5-5E44-4C95-B7DF-F14AA836DBF4}.Debug|Any CPU.ActiveCfg = Debug|Any CPU
		{7511FFE5-5E44-4C95-B7DF-F14AA836DBF4}.Debug|Any CPU.Build.0 = Debug|Any CPU
		{7511FFE5-5E44-4C95-B7DF-F14AA836DBF4}.Release|Any CPU.ActiveCfg = Release|Any CPU
		{7511FFE5-5E44-4C95-B7DF-F14AA836DBF4}.Release|Any CPU.Build.0 = Release|Any CPU
	EndGlobalSection
EndGlobal
